{
  "name": "lode-logql-parser",
  "lockfileVersion": 3,
  "requires": true,
  "packages": {
    "": {
      "name": "lode-logql-parser",
      "dependencies": {
        "@grafana/lezer-logql": "0.4.1",
        "@lezer/common": "1.5.2",
        "@lezer/lr": "1.4.10"
      },
      "engines": {
        "node": ">=24"
      }
    },
    "node_modules/@grafana/lezer-logql": {
      "version": "0.4.1",
      "resolved": "https://registry.npmjs.org/@grafana/lezer-logql/-/lezer-logql-0.4.1.tgz",
      "integrity": "sha512-8wvAQpimPzgRuimg5TTkT5bbyjd6Eq4MFxbV6s9Fu+qIxepSs3H9f2roo8onLUYN4Zfl18ZhHXIpC9GkUZFq8Q==",
      "license": "Apache-2.0",
      "engines": {
        "node": ">=24",
        "npm": ">=11.12.1"
      },
      "peerDependencies": {
        "@lezer/lr": "1.4.10"
      }
    },
    "node_modules/@lezer/common": {
      "version": "1.5.2",
      "resolved": "https://registry.npmjs.org/@lezer/common/-/common-1.5.2.tgz",
      "integrity": "sha512-sxQE460fPZyU3sdc8lafxiPwJHBzZRy/udNFynGQky1SePYBdhkBl1kOagA9uT3pxR8K09bOrmTUqA9wb/PjSQ==",
      "license": "MIT"
    },
    "node_modules/@lezer/lr": {
      "version": "1.4.10",
      "resolved": "https://registry.npmjs.org/@lezer/lr/-/lr-1.4.10.tgz",
      "integrity": "sha512-rnCpTIBafOx4mRp43xOxDJbFipJm/c0cia/V5TiGlhmMa+wsSdoGmUN3w5Bqrks/09Q/D4tNAmWaT8p6NRi77A==",
      "license": "MIT",
      "dependencies": {
        "@lezer/common": "^1.0.0"
      }
    }
  }
}
